// !$*UTF8*$!
{
	archiveVersion = 1;
	classes = {
	};
	objectVersion = 46;
	objects = {

/* Begin PBXBuildFile section */
		1D3623260D0F684500981E51 /* MeditationTimerAppDelegate.m in Sources */ = {isa = PBXBuildFile; fileRef = 1D3623250D0F684500981E51 /* MeditationTimerAppDelegate.m */; };
		1D60589B0D05DD56006BFB54 /* main.m in Sources */ = {isa = PBXBuildFile; fileRef = 29B97316FDCFA39411CA2CEA /* main.m */; };
		1D60589F0D05DD5A006BFB54 /* Foundation.framework in Frameworks */ = {isa = PBXBuildFile; fileRef = 1D30AB110D05D00D00671497 /* Foundation.framework */; };
		1DF5F4E00D08C38300B7A737 /* UIKit.framework in Frameworks */ = {isa = PBXBuildFile; fileRef = 1DF5F4DF0D08C38300B7A737 /* UIKit.framework */; };
		280E754D0DD40C5E005A515E /* FlipsideView.xib in Resources */ = {isa = PBXBuildFile; fileRef = 280E754A0DD40C5E005A515E /* FlipsideView.xib */; };
		280E754E0DD40C5E005A515E /* MainView.xib in Resources */ = {isa = PBXBuildFile; fileRef = 280E754B0DD40C5E005A515E /* MainView.xib */; };
		280E754F0DD40C5E005A515E /* MainWindow.xib in Resources */ = {isa = PBXBuildFile; fileRef = 280E754C0DD40C5E005A515E /* MainWindow.xib */; };
		288765590DF743DE002DB57D /* CoreGraphics.framework in Frameworks */ = {isa = PBXBuildFile; fileRef = 288765580DF743DE002DB57D /* CoreGraphics.framework */; };
		289233AE0DB2D0DB0083E9F9 /* MainViewController.m in Sources */ = {isa = PBXBuildFile; fileRef = 289233A90DB2D0DB0083E9F9 /* MainViewController.m */; };
		289233B00DB2D0DB0083E9F9 /* FlipsideViewController.m in Sources */ = {isa = PBXBuildFile; fileRef = 289233AD0DB2D0DB0083E9F9 /* FlipsideViewController.m */; };
		68D0ABEF13DFB10A00CDDC7A /* button.png in Resources */ = {isa = PBXBuildFile; fileRef = 68D0ABED13DFB10A00CDDC7A /* button.png */; };
		68D0ABF013DFB10A00CDDC7A /* button@2x.png in Resources */ = {isa = PBXBuildFile; fileRef = 68D0ABEE13DFB10A00CDDC7A /* button@2x.png */; };
		68D0ABF313DFB11700CDDC7A /* header.png in Resources */ = {isa = PBXBuildFile; fileRef = 68D0ABF113DFB11700CDDC7A /* header.png */; };
		68D0ABF413DFB11700CDDC7A /* header@2x.png in Resources */ = {isa = PBXBuildFile; fileRef = 68D0ABF213DFB11700CDDC7A /* header@2x.png */; };
		68D0AC0713DFC59F00CDDC7A /* volume_high@2x.png in Resources */ = {isa = PBXBuildFile; fileRef = 68D0AC0613DFC59F00CDDC7A /* volume_high@2x.png */; };
		68D0AC0913DFC5B100CDDC7A /* volume_low@2x.png in Resources */ = {isa = PBXBuildFile; fileRef = 68D0AC0813DFC5B100CDDC7A /* volume_low@2x.png */; };
		68DD841713FB94AA00AA564C /* LowGong.wav in Resources */ = {isa = PBXBuildFile; fileRef = 68DD841513FB94AA00AA564C /* LowGong.wav */; };
		68DD841813FB94AA00AA564C /* Match.wav in Resources */ = {isa = PBXBuildFile; fileRef = 68DD841613FB94AA00AA564C /* Match.wav */; };
		68DD841A13FB94BA00AA564C /* HighGong.WAV in Resources */ = {isa = PBXBuildFile; fileRef = 68DD841913FB94BA00AA564C /* HighGong.WAV */; };
		68DD841C13FB94CA00AA564C /* Block.wav in Resources */ = {isa = PBXBuildFile; fileRef = 68DD841B13FB94CA00AA564C /* Block.wav */; };
		68F7684613E0EF8600B9E5DD /* options.png in Resources */ = {isa = PBXBuildFile; fileRef = 68F7684413E0EF8600B9E5DD /* options.png */; };
		68F7684713E0EF8600B9E5DD /* options@2x.png in Resources */ = {isa = PBXBuildFile; fileRef = 68F7684513E0EF8600B9E5DD /* options@2x.png */; };
		68F768D613E33E0200B9E5DD /* aboutback.png in Resources */ = {isa = PBXBuildFile; fileRef = 68F768D413E33E0200B9E5DD /* aboutback.png */; };
		68F768D713E33E0200B9E5DD /* aboutback@2x.png in Resources */ = {isa = PBXBuildFile; fileRef = 68F768D513E33E0200B9E5DD /* aboutback@2x.png */; };
		68F7698F13EA429800B9E5DD /* icon_store.png in Resources */ = {isa = PBXBuildFile; fileRef = 68F7698C13EA429800B9E5DD /* icon_store.png */; };
		68F7699013EA429800B9E5DD /* icon.png in Resources */ = {isa = PBXBuildFile; fileRef = 68F7698D13EA429800B9E5DD /* icon.png */; };
		68F7699113EA429800B9E5DD /* icon@2x.png in Resources */ = {isa = PBXBuildFile; fileRef = 68F7698E13EA429800B9E5DD /* icon@2x.png */; };
		6C1BAF0413C56B540057318B /* AboutViewController.m in Sources */ = {isa = PBXBuildFile; fileRef = 6C1BAF0213C56B540057318B /* AboutViewController.m */; };
		6C1BAF0513C56B540057318B /* AboutViewController.xib in Resources */ = {isa = PBXBuildFile; fileRef = 6C1BAF0313C56B540057318B /* AboutViewController.xib */; };
		6C59F23413D92BE90013CD96 /* Default.png in Resources */ = {isa = PBXBuildFile; fileRef = 6C59F22813D92BE90013CD96 /* Default.png */; };
		6C59F23513D92BE90013CD96 /* Default@2x.png in Resources */ = {isa = PBXBuildFile; fileRef = 6C59F22913D92BE90013CD96 /* Default@2x.png */; };
		6C59F23613D92BE90013CD96 /* disk.png in Resources */ = {isa = PBXBuildFile; fileRef = 6C59F22A13D92BE90013CD96 /* disk.png */; };
		6C59F23713D92BE90013CD96 /* disk@2x.png in Resources */ = {isa = PBXBuildFile; fileRef = 6C59F22B13D92BE90013CD96 /* disk@2x.png */; };
		6C59F23813D92BE90013CD96 /* about.png in Resources */ = {isa = PBXBuildFile; fileRef = 6C59F22C13D92BE90013CD96 /* about.png */; };
		6C59F23913D92BE90013CD96 /* about@2x.png in Resources */ = {isa = PBXBuildFile; fileRef = 6C59F22D13D92BE90013CD96 /* about@2x.png */; };
		6C59F23A13D92BE90013CD96 /* popup.png in Resources */ = {isa = PBXBuildFile; fileRef = 6C59F22E13D92BE90013CD96 /* popup.png */; };
		6C59F23B13D92BE90013CD96 /* popup@2x.png in Resources */ = {isa = PBXBuildFile; fileRef = 6C59F22F13D92BE90013CD96 /* popup@2x.png */; };
		6C59F23C13D92BE90013CD96 /* set.png in Resources */ = {isa = PBXBuildFile; fileRef = 6C59F23013D92BE90013CD96 /* set.png */; };
		6C59F23D13D92BE90013CD96 /* set@2x.png in Resources */ = {isa = PBXBuildFile; fileRef = 6C59F23113D92BE90013CD96 /* set@2x.png */; };
		6C59F23E13D92BE90013CD96 /* volume_high.png in Resources */ = {isa = PBXBuildFile; fileRef = 6C59F23213D92BE90013CD96 /* volume_high.png */; };
		6C59F23F13D92BE90013CD96 /* volume_low.png in Resources */ = {isa = PBXBuildFile; fileRef = 6C59F23313D92BE90013CD96 /* volume_low.png */; };
		6C59F24E13D92DAD0013CD96 /* InfoViewController.m in Sources */ = {isa = PBXBuildFile; fileRef = 6C59F24C13D92DAD0013CD96 /* InfoViewController.m */; };
		6C59F24F13D92DAD0013CD96 /* InfoViewController.xib in Resources */ = {isa = PBXBuildFile; fileRef = 6C59F24D13D92DAD0013CD96 /* InfoViewController.xib */; };
		6C59F25413D92E190013CD96 /* info.png in Resources */ = {isa = PBXBuildFile; fileRef = 6C59F25213D92E190013CD96 /* info.png */; };
		6C59F25513D92E190013CD96 /* info@2x.png in Resources */ = {isa = PBXBuildFile; fileRef = 6C59F25313D92E190013CD96 /* info@2x.png */; };
		6CAAD73913BC34F60045A93D /* SFHFKeychainUtils.m in Sources */ = {isa = PBXBuildFile; fileRef = 6CAAD73513BC34F60045A93D /* SFHFKeychainUtils.m */; };
		6CAAD73A13BC34F60045A93D /* AppSettings.m in Sources */ = {isa = PBXBuildFile; fileRef = 6CAAD73713BC34F60045A93D /* AppSettings.m */; };
		6CAAD73D13BC35040045A93D /* AppStyle.m in Sources */ = {isa = PBXBuildFile; fileRef = 6CAAD73C13BC35040045A93D /* AppStyle.m */; };
		6CAAD74013BC351F0045A93D /* UIColor+i7HexColor.m in Sources */ = {isa = PBXBuildFile; fileRef = 6CAAD73F13BC351F0045A93D /* UIColor+i7HexColor.m */; };
		6CAAD74313BC352F0045A93D /* NormalButton.m in Sources */ = {isa = PBXBuildFile; fileRef = 6CAAD74213BC352F0045A93D /* NormalButton.m */; };
		6CAAD74913BC36670045A93D /* GrayLabel.m in Sources */ = {isa = PBXBuildFile; fileRef = 6CAAD74813BC36670045A93D /* GrayLabel.m */; };
		6CAAD77C13BC377F0045A93D /* TimerControlViewController.m in Sources */ = {isa = PBXBuildFile; fileRef = 6CAAD77913BC377F0045A93D /* TimerControlViewController.m */; };
		6CAAD77D13BC377F0045A93D /* TimerControlViewController.xib in Resources */ = {isa = PBXBuildFile; fileRef = 6CAAD77A13BC377F0045A93D /* TimerControlViewController.xib */; };
		6CAAD79A13BC38140045A93D /* QuartzCore.framework in Frameworks */ = {isa = PBXBuildFile; fileRef = 6CAAD79913BC38140045A93D /* QuartzCore.framework */; };
		6CAAD7C413BC389C0045A93D /* UILabel+SizingExtensions.m in Sources */ = {isa = PBXBuildFile; fileRef = 6CAAD7C313BC389C0045A93D /* UILabel+SizingExtensions.m */; };
		6CAAD7C813BC38BC0045A93D /* Security.framework in Frameworks */ = {isa = PBXBuildFile; fileRef = 6CAAD7C713BC38BC0045A93D /* Security.framework */; };
		6CAAD7CA13BC38C50045A93D /* SystemConfiguration.framework in Frameworks */ = {isa = PBXBuildFile; fileRef = 6CAAD7C913BC38C50045A93D /* SystemConfiguration.framework */; };
		6CAAD7FA13BC3B6F0045A93D /* BaseAppContext.m in Sources */ = {isa = PBXBuildFile; fileRef = 6CAAD7F913BC3B6F0045A93D /* BaseAppContext.m */; };
		6CAAD7FD13BC3B890045A93D /* AppContext.m in Sources */ = {isa = PBXBuildFile; fileRef = 6CAAD7FC13BC3B890045A93D /* AppContext.m */; };
		6CFC2A7813DE65DE00A26034 /* UIImageExtras.m in Sources */ = {isa = PBXBuildFile; fileRef = 6CFC2A7713DE65DE00A26034 /* UIImageExtras.m */; };
		6CFC2A8213DE65FD00A26034 /* AFGetImageOperation.m in Sources */ = {isa = PBXBuildFile; fileRef = 6CFC2A8113DE65FD00A26034 /* AFGetImageOperation.m */; };
		6CFC2A8B13DE660300A26034 /* AFCoverView.m in Sources */ = {isa = PBXBuildFile; fileRef = 6CFC2A8613DE660300A26034 /* AFCoverView.m */; };
		6CFC2A8C13DE660300A26034 /* AFOpenFlowView.m in Sources */ = {isa = PBXBuildFile; fileRef = 6CFC2A8813DE660300A26034 /* AFOpenFlowView.m */; };
		6CFC2A8D13DE660300A26034 /* AFUIImageReflection.m in Sources */ = {isa = PBXBuildFile; fileRef = 6CFC2A8A13DE660300A26034 /* AFUIImageReflection.m */; };
		6CFC2B9D13DE764F00A26034 /* images in Resources */ = {isa = PBXBuildFile; fileRef = 6CFC2B9313DE764F00A26034 /* images */; };
		6CFC2BA813DE765800A26034 /* icons in Resources */ = {isa = PBXBuildFile; fileRef = 6CFC2B9E13DE765800A26034 /* icons */; };
		6CFC2C4313DE80B100A26034 /* TimerViewController.m in Sources */ = {isa = PBXBuildFile; fileRef = 6CFC2C4113DE80B100A26034 /* TimerViewController.m */; };
		6CFC2C4413DE80B100A26034 /* TimerViewController.xib in Resources */ = {isa = PBXBuildFile; fileRef = 6CFC2C4213DE80B100A26034 /* TimerViewController.xib */; };
		6CFC2E3913DF21FD00A26034 /* AVFoundation.framework in Frameworks */ = {isa = PBXBuildFile; fileRef = 6CFC2E3613DF21FD00A26034 /* AVFoundation.framework */; };
		6CFC2E3A13DF21FD00A26034 /* CoreAudio.framework in Frameworks */ = {isa = PBXBuildFile; fileRef = 6CFC2E3713DF21FD00A26034 /* CoreAudio.framework */; };
		6CFC2E3B13DF21FD00A26034 /* AudioToolbox.framework in Frameworks */ = {isa = PBXBuildFile; fileRef = 6CFC2E3813DF21FD00A26034 /* AudioToolbox.framework */; };
/* End PBXBuildFile section */

/* Begin PBXFileReference section */
		1D30AB110D05D00D00671497 /* Foundation.framework */ = {isa = PBXFileReference; lastKnownFileType = wrapper.framework; name = Foundation.framework; path = System/Library/Frameworks/Foundation.framework; sourceTree = SDKROOT; };
		1D3623240D0F684500981E51 /* MeditationTimerAppDelegate.h */ = {isa = PBXFileReference; fileEncoding = 4; lastKnownFileType = sourcecode.c.h; path = MeditationTimerAppDelegate.h; sourceTree = "<group>"; };
		1D3623250D0F684500981E51 /* MeditationTimerAppDelegate.m */ = {isa = PBXFileReference; fileEncoding = 4; lastKnownFileType = sourcecode.c.objc; path = MeditationTimerAppDelegate.m; sourceTree = "<group>"; };
		1D6058910D05DD3D006BFB54 /* MeditationTimer.app */ = {isa = PBXFileReference; explicitFileType = wrapper.application; includeInIndex = 0; path = MeditationTimer.app; sourceTree = BUILT_PRODUCTS_DIR; };
		1DF5F4DF0D08C38300B7A737 /* UIKit.framework */ = {isa = PBXFileReference; lastKnownFileType = wrapper.framework; name = UIKit.framework; path = System/Library/Frameworks/UIKit.framework; sourceTree = SDKROOT; };
		280E754A0DD40C5E005A515E /* FlipsideView.xib */ = {isa = PBXFileReference; lastKnownFileType = file.xib; path = FlipsideView.xib; sourceTree = "<group>"; };
		280E754B0DD40C5E005A515E /* MainView.xib */ = {isa = PBXFileReference; lastKnownFileType = file.xib; path = MainView.xib; sourceTree = "<group>"; };
		280E754C0DD40C5E005A515E /* MainWindow.xib */ = {isa = PBXFileReference; lastKnownFileType = file.xib; path = MainWindow.xib; sourceTree = "<group>"; };
		288765580DF743DE002DB57D /* CoreGraphics.framework */ = {isa = PBXFileReference; lastKnownFileType = wrapper.framework; name = CoreGraphics.framework; path = System/Library/Frameworks/CoreGraphics.framework; sourceTree = SDKROOT; };
		289233A80DB2D0DB0083E9F9 /* MainViewController.h */ = {isa = PBXFileReference; fileEncoding = 4; lastKnownFileType = sourcecode.c.h; name = MainViewController.h; path = Classes/MainViewController.h; sourceTree = "<group>"; };
		289233A90DB2D0DB0083E9F9 /* MainViewController.m */ = {isa = PBXFileReference; fileEncoding = 4; lastKnownFileType = sourcecode.c.objc; name = MainViewController.m; path = Classes/MainViewController.m; sourceTree = "<group>"; };
		289233AC0DB2D0DB0083E9F9 /* FlipsideViewController.h */ = {isa = PBXFileReference; fileEncoding = 4; lastKnownFileType = sourcecode.c.h; name = FlipsideViewController.h; path = Classes/FlipsideViewController.h; sourceTree = "<group>"; };
		289233AD0DB2D0DB0083E9F9 /* FlipsideViewController.m */ = {isa = PBXFileReference; fileEncoding = 4; lastKnownFileType = sourcecode.c.objc; name = FlipsideViewController.m; path = Classes/FlipsideViewController.m; sourceTree = "<group>"; };
		29B97316FDCFA39411CA2CEA /* main.m */ = {isa = PBXFileReference; fileEncoding = 4; lastKnownFileType = sourcecode.c.objc; path = main.m; sourceTree = "<group>"; };
		32CA4F630368D1EE00C91783 /* MeditationTimer_Prefix.pch */ = {isa = PBXFileReference; fileEncoding = 4; lastKnownFileType = sourcecode.c.h; path = MeditationTimer_Prefix.pch; sourceTree = "<group>"; };
		68D0ABED13DFB10A00CDDC7A /* button.png */ = {isa = PBXFileReference; lastKnownFileType = image.png; path = button.png; sourceTree = "<group>"; };
		68D0ABEE13DFB10A00CDDC7A /* button@2x.png */ = {isa = PBXFileReference; lastKnownFileType = image.png; path = "button@2x.png"; sourceTree = "<group>"; };
		68D0ABF113DFB11700CDDC7A /* header.png */ = {isa = PBXFileReference; lastKnownFileType = image.png; path = header.png; sourceTree = "<group>"; };
		68D0ABF213DFB11700CDDC7A /* header@2x.png */ = {isa = PBXFileReference; lastKnownFileType = image.png; path = "header@2x.png"; sourceTree = "<group>"; };
		68D0AC0613DFC59F00CDDC7A /* volume_high@2x.png */ = {isa = PBXFileReference; lastKnownFileType = image.png; path = "volume_high@2x.png"; sourceTree = "<group>"; };
		68D0AC0813DFC5B100CDDC7A /* volume_low@2x.png */ = {isa = PBXFileReference; lastKnownFileType = image.png; path = "volume_low@2x.png"; sourceTree = "<group>"; };
		68DD841513FB94AA00AA564C /* LowGong.wav */ = {isa = PBXFileReference; lastKnownFileType = audio.wav; path = LowGong.wav; sourceTree = "<group>"; };
		68DD841613FB94AA00AA564C /* Match.wav */ = {isa = PBXFileReference; lastKnownFileType = audio.wav; path = Match.wav; sourceTree = "<group>"; };
		68DD841913FB94BA00AA564C /* HighGong.WAV */ = {isa = PBXFileReference; lastKnownFileType = audio.wav; path = HighGong.WAV; sourceTree = "<group>"; };
		68DD841B13FB94CA00AA564C /* Block.wav */ = {isa = PBXFileReference; lastKnownFileType = audio.wav; path = Block.wav; sourceTree = "<group>"; };
		68F7684413E0EF8600B9E5DD /* options.png */ = {isa = PBXFileReference; lastKnownFileType = image.png; path = options.png; sourceTree = "<group>"; };
		68F7684513E0EF8600B9E5DD /* options@2x.png */ = {isa = PBXFileReference; lastKnownFileType = image.png; path = "options@2x.png"; sourceTree = "<group>"; };
		68F768D413E33E0200B9E5DD /* aboutback.png */ = {isa = PBXFileReference; lastKnownFileType = image.png; path = aboutback.png; sourceTree = "<group>"; };
		68F768D513E33E0200B9E5DD /* aboutback@2x.png */ = {isa = PBXFileReference; lastKnownFileType = image.png; path = "aboutback@2x.png"; sourceTree = "<group>"; };
		68F7698C13EA429800B9E5DD /* icon_store.png */ = {isa = PBXFileReference; lastKnownFileType = image.png; path = icon_store.png; sourceTree = "<group>"; };
		68F7698D13EA429800B9E5DD /* icon.png */ = {isa = PBXFileReference; lastKnownFileType = image.png; path = icon.png; sourceTree = "<group>"; };
		68F7698E13EA429800B9E5DD /* icon@2x.png */ = {isa = PBXFileReference; lastKnownFileType = image.png; path = "icon@2x.png"; sourceTree = "<group>"; };
		6C1BAF0113C56B540057318B /* AboutViewController.h */ = {isa = PBXFileReference; fileEncoding = 4; lastKnownFileType = sourcecode.c.h; path = AboutViewController.h; sourceTree = "<group>"; };
		6C1BAF0213C56B540057318B /* AboutViewController.m */ = {isa = PBXFileReference; fileEncoding = 4; lastKnownFileType = sourcecode.c.objc; path = AboutViewController.m; sourceTree = "<group>"; };
		6C1BAF0313C56B540057318B /* AboutViewController.xib */ = {isa = PBXFileReference; lastKnownFileType = file.xib; path = AboutViewController.xib; sourceTree = "<group>"; };
		6C59F22813D92BE90013CD96 /* Default.png */ = {isa = PBXFileReference; lastKnownFileType = image.png; path = Default.png; sourceTree = "<group>"; };
		6C59F22913D92BE90013CD96 /* Default@2x.png */ = {isa = PBXFileReference; lastKnownFileType = image.png; path = "Default@2x.png"; sourceTree = "<group>"; };
		6C59F22A13D92BE90013CD96 /* disk.png */ = {isa = PBXFileReference; lastKnownFileType = image.png; path = disk.png; sourceTree = "<group>"; };
		6C59F22B13D92BE90013CD96 /* disk@2x.png */ = {isa = PBXFileReference; lastKnownFileType = image.png; path = "disk@2x.png"; sourceTree = "<group>"; };
		6C59F22C13D92BE90013CD96 /* about.png */ = {isa = PBXFileReference; lastKnownFileType = image.png; path = about.png; sourceTree = "<group>"; };
		6C59F22D13D92BE90013CD96 /* about@2x.png */ = {isa = PBXFileReference; lastKnownFileType = image.png; path = "about@2x.png"; sourceTree = "<group>"; };
		6C59F22E13D92BE90013CD96 /* popup.png */ = {isa = PBXFileReference; lastKnownFileType = image.png; path = popup.png; sourceTree = "<group>"; };
		6C59F22F13D92BE90013CD96 /* popup@2x.png */ = {isa = PBXFileReference; lastKnownFileType = image.png; path = "popup@2x.png"; sourceTree = "<group>"; };
		6C59F23013D92BE90013CD96 /* set.png */ = {isa = PBXFileReference; lastKnownFileType = image.png; path = set.png; sourceTree = "<group>"; };
		6C59F23113D92BE90013CD96 /* set@2x.png */ = {isa = PBXFileReference; lastKnownFileType = image.png; path = "set@2x.png"; sourceTree = "<group>"; };
		6C59F23213D92BE90013CD96 /* volume_high.png */ = {isa = PBXFileReference; lastKnownFileType = image.png; path = volume_high.png; sourceTree = "<group>"; };
		6C59F23313D92BE90013CD96 /* volume_low.png */ = {isa = PBXFileReference; lastKnownFileType = image.png; path = volume_low.png; sourceTree = "<group>"; };
		6C59F24B13D92DAD0013CD96 /* InfoViewController.h */ = {isa = PBXFileReference; fileEncoding = 4; lastKnownFileType = sourcecode.c.h; path = InfoViewController.h; sourceTree = "<group>"; };
		6C59F24C13D92DAD0013CD96 /* InfoViewController.m */ = {isa = PBXFileReference; fileEncoding = 4; lastKnownFileType = sourcecode.c.objc; path = InfoViewController.m; sourceTree = "<group>"; };
		6C59F24D13D92DAD0013CD96 /* InfoViewController.xib */ = {isa = PBXFileReference; lastKnownFileType = file.xib; path = InfoViewController.xib; sourceTree = "<group>"; };
		6C59F25213D92E190013CD96 /* info.png */ = {isa = PBXFileReference; lastKnownFileType = image.png; path = info.png; sourceTree = "<group>"; };
		6C59F25313D92E190013CD96 /* info@2x.png */ = {isa = PBXFileReference; lastKnownFileType = image.png; path = "info@2x.png"; sourceTree = "<group>"; };
		6CAAD73513BC34F60045A93D /* SFHFKeychainUtils.m */ = {isa = PBXFileReference; fileEncoding = 4; lastKnownFileType = sourcecode.c.objc; path = SFHFKeychainUtils.m; sourceTree = "<group>"; };
		6CAAD73613BC34F60045A93D /* SFHFKeychainUtils.h */ = {isa = PBXFileReference; fileEncoding = 4; lastKnownFileType = sourcecode.c.h; path = SFHFKeychainUtils.h; sourceTree = "<group>"; };
		6CAAD73713BC34F60045A93D /* AppSettings.m */ = {isa = PBXFileReference; fileEncoding = 4; lastKnownFileType = sourcecode.c.objc; path = AppSettings.m; sourceTree = "<group>"; };
		6CAAD73813BC34F60045A93D /* AppSettings.h */ = {isa = PBXFileReference; fileEncoding = 4; lastKnownFileType = sourcecode.c.h; path = AppSettings.h; sourceTree = "<group>"; };
		6CAAD73B13BC35040045A93D /* AppStyle.h */ = {isa = PBXFileReference; fileEncoding = 4; lastKnownFileType = sourcecode.c.h; path = AppStyle.h; sourceTree = "<group>"; };
		6CAAD73C13BC35040045A93D /* AppStyle.m */ = {isa = PBXFileReference; fileEncoding = 4; lastKnownFileType = sourcecode.c.objc; path = AppStyle.m; sourceTree = "<group>"; };
		6CAAD73E13BC351F0045A93D /* UIColor+i7HexColor.h */ = {isa = PBXFileReference; fileEncoding = 4; lastKnownFileType = sourcecode.c.h; path = "UIColor+i7HexColor.h"; sourceTree = "<group>"; };
		6CAAD73F13BC351F0045A93D /* UIColor+i7HexColor.m */ = {isa = PBXFileReference; fileEncoding = 4; lastKnownFileType = sourcecode.c.objc; path = "UIColor+i7HexColor.m"; sourceTree = "<group>"; };
		6CAAD74113BC352F0045A93D /* NormalButton.h */ = {isa = PBXFileReference; fileEncoding = 4; lastKnownFileType = sourcecode.c.h; path = NormalButton.h; sourceTree = "<group>"; };
		6CAAD74213BC352F0045A93D /* NormalButton.m */ = {isa = PBXFileReference; fileEncoding = 4; lastKnownFileType = sourcecode.c.objc; path = NormalButton.m; sourceTree = "<group>"; };
		6CAAD74713BC36670045A93D /* GrayLabel.h */ = {isa = PBXFileReference; fileEncoding = 4; lastKnownFileType = sourcecode.c.h; path = GrayLabel.h; sourceTree = "<group>"; };
		6CAAD74813BC36670045A93D /* GrayLabel.m */ = {isa = PBXFileReference; fileEncoding = 4; lastKnownFileType = sourcecode.c.objc; path = GrayLabel.m; sourceTree = "<group>"; };
		6CAAD77913BC377F0045A93D /* TimerControlViewController.m */ = {isa = PBXFileReference; fileEncoding = 4; lastKnownFileType = sourcecode.c.objc; path = TimerControlViewController.m; sourceTree = "<group>"; };
		6CAAD77A13BC377F0045A93D /* TimerControlViewController.xib */ = {isa = PBXFileReference; lastKnownFileType = file.xib; path = TimerControlViewController.xib; sourceTree = "<group>"; };
		6CAAD77B13BC377F0045A93D /* TimerControlViewController.h */ = {isa = PBXFileReference; fileEncoding = 4; lastKnownFileType = sourcecode.c.h; path = TimerControlViewController.h; sourceTree = "<group>"; };
		6CAAD79913BC38140045A93D /* QuartzCore.framework */ = {isa = PBXFileReference; lastKnownFileType = wrapper.framework; name = QuartzCore.framework; path = System/Library/Frameworks/QuartzCore.framework; sourceTree = SDKROOT; };
		6CAAD7C213BC389C0045A93D /* UILabel+SizingExtensions.h */ = {isa = PBXFileReference; fileEncoding = 4; lastKnownFileType = sourcecode.c.h; path = "UILabel+SizingExtensions.h"; sourceTree = "<group>"; };
		6CAAD7C313BC389C0045A93D /* UILabel+SizingExtensions.m */ = {isa = PBXFileReference; fileEncoding = 4; lastKnownFileType = sourcecode.c.objc; path = "UILabel+SizingExtensions.m"; sourceTree = "<group>"; };
		6CAAD7C713BC38BC0045A93D /* Security.framework */ = {isa = PBXFileReference; lastKnownFileType = wrapper.framework; name = Security.framework; path = System/Library/Frameworks/Security.framework; sourceTree = SDKROOT; };
		6CAAD7C913BC38C50045A93D /* SystemConfiguration.framework */ = {isa = PBXFileReference; lastKnownFileType = wrapper.framework; name = SystemConfiguration.framework; path = System/Library/Frameworks/SystemConfiguration.framework; sourceTree = SDKROOT; };
		6CAAD7F813BC3B6F0045A93D /* BaseAppContext.h */ = {isa = PBXFileReference; fileEncoding = 4; lastKnownFileType = sourcecode.c.h; path = BaseAppContext.h; sourceTree = "<group>"; };
		6CAAD7F913BC3B6F0045A93D /* BaseAppContext.m */ = {isa = PBXFileReference; fileEncoding = 4; lastKnownFileType = sourcecode.c.objc; path = BaseAppContext.m; sourceTree = "<group>"; };
		6CAAD7FB13BC3B890045A93D /* AppContext.h */ = {isa = PBXFileReference; fileEncoding = 4; lastKnownFileType = sourcecode.c.h; path = AppContext.h; sourceTree = "<group>"; };
		6CAAD7FC13BC3B890045A93D /* AppContext.m */ = {isa = PBXFileReference; fileEncoding = 4; lastKnownFileType = sourcecode.c.objc; path = AppContext.m; sourceTree = "<group>"; };
		6CFC2A7613DE65DE00A26034 /* UIImageExtras.h */ = {isa = PBXFileReference; fileEncoding = 4; lastKnownFileType = sourcecode.c.h; path = UIImageExtras.h; sourceTree = "<group>"; };
		6CFC2A7713DE65DE00A26034 /* UIImageExtras.m */ = {isa = PBXFileReference; fileEncoding = 4; lastKnownFileType = sourcecode.c.objc; path = UIImageExtras.m; sourceTree = "<group>"; };
		6CFC2A8013DE65FD00A26034 /* AFGetImageOperation.h */ = {isa = PBXFileReference; fileEncoding = 4; lastKnownFileType = sourcecode.c.h; path = AFGetImageOperation.h; sourceTree = "<group>"; };
		6CFC2A8113DE65FD00A26034 /* AFGetImageOperation.m */ = {isa = PBXFileReference; fileEncoding = 4; lastKnownFileType = sourcecode.c.objc; path = AFGetImageOperation.m; sourceTree = "<group>"; };
		6CFC2A8413DE660300A26034 /* AFOpenFlowConstants.h */ = {isa = PBXFileReference; fileEncoding = 4; lastKnownFileType = sourcecode.c.h; path = AFOpenFlowConstants.h; sourceTree = "<group>"; };
		6CFC2A8513DE660300A26034 /* AFCoverView.h */ = {isa = PBXFileReference; fileEncoding = 4; lastKnownFileType = sourcecode.c.h; path = AFCoverView.h; sourceTree = "<group>"; };
		6CFC2A8613DE660300A26034 /* AFCoverView.m */ = {isa = PBXFileReference; fileEncoding = 4; lastKnownFileType = sourcecode.c.objc; path = AFCoverView.m; sourceTree = "<group>"; };
		6CFC2A8713DE660300A26034 /* AFOpenFlowView.h */ = {isa = PBXFileReference; fileEncoding = 4; lastKnownFileType = sourcecode.c.h; path = AFOpenFlowView.h; sourceTree = "<group>"; };
		6CFC2A8813DE660300A26034 /* AFOpenFlowView.m */ = {isa = PBXFileReference; fileEncoding = 4; lastKnownFileType = sourcecode.c.objc; path = AFOpenFlowView.m; sourceTree = "<group>"; };
		6CFC2A8913DE660300A26034 /* AFUIImageReflection.h */ = {isa = PBXFileReference; fileEncoding = 4; lastKnownFileType = sourcecode.c.h; path = AFUIImageReflection.h; sourceTree = "<group>"; };
		6CFC2A8A13DE660300A26034 /* AFUIImageReflection.m */ = {isa = PBXFileReference; fileEncoding = 4; lastKnownFileType = sourcecode.c.objc; path = AFUIImageReflection.m; sourceTree = "<group>"; };
		6CFC2B9313DE764F00A26034 /* images */ = {isa = PBXFileReference; lastKnownFileType = folder; path = images; sourceTree = "<group>"; };
		6CFC2B9E13DE765800A26034 /* icons */ = {isa = PBXFileReference; lastKnownFileType = folder; path = icons; sourceTree = "<group>"; };
		6CFC2C4013DE80B100A26034 /* TimerViewController.h */ = {isa = PBXFileReference; fileEncoding = 4; lastKnownFileType = sourcecode.c.h; path = TimerViewController.h; sourceTree = "<group>"; };
		6CFC2C4113DE80B100A26034 /* TimerViewController.m */ = {isa = PBXFileReference; fileEncoding = 4; lastKnownFileType = sourcecode.c.objc; path = TimerViewController.m; sourceTree = "<group>"; };
		6CFC2C4213DE80B100A26034 /* TimerViewController.xib */ = {isa = PBXFileReference; lastKnownFileType = file.xib; path = TimerViewController.xib; sourceTree = "<group>"; };
		6CFC2E3613DF21FD00A26034 /* AVFoundation.framework */ = {isa = PBXFileReference; lastKnownFileType = wrapper.framework; name = AVFoundation.framework; path = System/Library/Frameworks/AVFoundation.framework; sourceTree = SDKROOT; };
		6CFC2E3713DF21FD00A26034 /* CoreAudio.framework */ = {isa = PBXFileReference; lastKnownFileType = wrapper.framework; name = CoreAudio.framework; path = System/Library/Frameworks/CoreAudio.framework; sourceTree = SDKROOT; };
		6CFC2E3813DF21FD00A26034 /* AudioToolbox.framework */ = {isa = PBXFileReference; lastKnownFileType = wrapper.framework; name = AudioToolbox.framework; path = System/Library/Frameworks/AudioToolbox.framework; sourceTree = SDKROOT; };
		8D1107310486CEB800E47090 /* MeditationTimer-Info.plist */ = {isa = PBXFileReference; fileEncoding = 4; lastKnownFileType = text.plist.xml; path = "MeditationTimer-Info.plist"; plistStructureDefinitionIdentifier = "com.apple.xcode.plist.structure-definition.iphone.info-plist"; sourceTree = "<group>"; };
/* End PBXFileReference section */

/* Begin PBXFrameworksBuildPhase section */
		1D60588F0D05DD3D006BFB54 /* Frameworks */ = {
			isa = PBXFrameworksBuildPhase;
			buildActionMask = 2147483647;
			files = (
				1D60589F0D05DD5A006BFB54 /* Foundation.framework in Frameworks */,
				1DF5F4E00D08C38300B7A737 /* UIKit.framework in Frameworks */,
				288765590DF743DE002DB57D /* CoreGraphics.framework in Frameworks */,
				6CAAD79A13BC38140045A93D /* QuartzCore.framework in Frameworks */,
				6CAAD7C813BC38BC0045A93D /* Security.framework in Frameworks */,
				6CAAD7CA13BC38C50045A93D /* SystemConfiguration.framework in Frameworks */,
				6CFC2E3913DF21FD00A26034 /* AVFoundation.framework in Frameworks */,
				6CFC2E3A13DF21FD00A26034 /* CoreAudio.framework in Frameworks */,
				6CFC2E3B13DF21FD00A26034 /* AudioToolbox.framework in Frameworks */,
			);
			runOnlyForDeploymentPostprocessing = 0;
		};
/* End PBXFrameworksBuildPhase section */

/* Begin PBXGroup section */
		080E96DDFE201D6D7F000001 /* Application Delegate */ = {
			isa = PBXGroup;
			children = (
				1D3623240D0F684500981E51 /* MeditationTimerAppDelegate.h */,
				1D3623250D0F684500981E51 /* MeditationTimerAppDelegate.m */,
			);
			name = "Application Delegate";
			path = Classes;
			sourceTree = "<group>";
		};
		19C28FACFE9D520D11CA2CBB /* Products */ = {
			isa = PBXGroup;
			children = (
				1D6058910D05DD3D006BFB54 /* MeditationTimer.app */,
			);
			name = Products;
			sourceTree = "<group>";
		};
		281C6CD70DB2D82200F60ACC /* Flipside View */ = {
			isa = PBXGroup;
			children = (
				6CFC2A8313DE660300A26034 /* AFOpenFlow */,
				289233AC0DB2D0DB0083E9F9 /* FlipsideViewController.h */,
				289233AD0DB2D0DB0083E9F9 /* FlipsideViewController.m */,
				280E754A0DD40C5E005A515E /* FlipsideView.xib */,
			);
			name = "Flipside View";
			sourceTree = "<group>";
		};
		289233A00DB2D0730083E9F9 /* Main View */ = {
			isa = PBXGroup;
			children = (
				6C59F24B13D92DAD0013CD96 /* InfoViewController.h */,
				6C59F24C13D92DAD0013CD96 /* InfoViewController.m */,
				6C59F24D13D92DAD0013CD96 /* InfoViewController.xib */,
				6CAAD77913BC377F0045A93D /* TimerControlViewController.m */,
				6CAAD77A13BC377F0045A93D /* TimerControlViewController.xib */,
				6CAAD77B13BC377F0045A93D /* TimerControlViewController.h */,
				280E754B0DD40C5E005A515E /* MainView.xib */,
				289233A80DB2D0DB0083E9F9 /* MainViewController.h */,
				289233A90DB2D0DB0083E9F9 /* MainViewController.m */,
				6C1BAF0113C56B540057318B /* AboutViewController.h */,
				6C1BAF0213C56B540057318B /* AboutViewController.m */,
				6C1BAF0313C56B540057318B /* AboutViewController.xib */,
			);
			name = "Main View";
			sourceTree = "<group>";
		};
		29B97314FDCFA39411CA2CEA /* CustomTemplate */ = {
			isa = PBXGroup;
			children = (
				6CFC2C3F13DE808E00A26034 /* Timer */,
				6CFC2B9E13DE765800A26034 /* icons */,
				6CFC2B9313DE764F00A26034 /* images */,
				6CAAD73413BC34D60045A93D /* Base */,
				289233A00DB2D0730083E9F9 /* Main View */,
				281C6CD70DB2D82200F60ACC /* Flipside View */,
				080E96DDFE201D6D7F000001 /* Application Delegate */,
				29B97315FDCFA39411CA2CEA /* Other Sources */,
				29B97317FDCFA39411CA2CEA /* Resources */,
				29B97323FDCFA39411CA2CEA /* Frameworks */,
				19C28FACFE9D520D11CA2CBB /* Products */,
			);
			name = CustomTemplate;
			sourceTree = "<group>";
		};
		29B97315FDCFA39411CA2CEA /* Other Sources */ = {
			isa = PBXGroup;
			children = (
				32CA4F630368D1EE00C91783 /* MeditationTimer_Prefix.pch */,
				29B97316FDCFA39411CA2CEA /* main.m */,
			);
			name = "Other Sources";
			sourceTree = "<group>";
		};
		29B97317FDCFA39411CA2CEA /* Resources */ = {
			isa = PBXGroup;
			children = (
				6C59F22713D92BE90013CD96 /* assets */,
				280E754C0DD40C5E005A515E /* MainWindow.xib */,
				8D1107310486CEB800E47090 /* MeditationTimer-Info.plist */,
			);
			name = Resources;
			sourceTree = "<group>";
		};
		29B97323FDCFA39411CA2CEA /* Frameworks */ = {
			isa = PBXGroup;
			children = (
				6CFC2E3613DF21FD00A26034 /* AVFoundation.framework */,
				6CFC2E3713DF21FD00A26034 /* CoreAudio.framework */,
				6CFC2E3813DF21FD00A26034 /* AudioToolbox.framework */,
				6CAAD79913BC38140045A93D /* QuartzCore.framework */,
				1DF5F4DF0D08C38300B7A737 /* UIKit.framework */,
				1D30AB110D05D00D00671497 /* Foundation.framework */,
				288765580DF743DE002DB57D /* CoreGraphics.framework */,
				6CAAD7C713BC38BC0045A93D /* Security.framework */,
				6CAAD7C913BC38C50045A93D /* SystemConfiguration.framework */,
			);
			name = Frameworks;
			sourceTree = "<group>";
		};
		6C59F22713D92BE90013CD96 /* assets */ = {
			isa = PBXGroup;
			children = (
				68DD841B13FB94CA00AA564C /* Block.wav */,
				68DD841913FB94BA00AA564C /* HighGong.WAV */,
				68DD841513FB94AA00AA564C /* LowGong.wav */,
				68DD841613FB94AA00AA564C /* Match.wav */,
				68F7698C13EA429800B9E5DD /* icon_store.png */,
				68F7698D13EA429800B9E5DD /* icon.png */,
				68F7698E13EA429800B9E5DD /* icon@2x.png */,
				68F768D413E33E0200B9E5DD /* aboutback.png */,
				68F768D513E33E0200B9E5DD /* aboutback@2x.png */,
				68F7684413E0EF8600B9E5DD /* options.png */,
				68F7684513E0EF8600B9E5DD /* options@2x.png */,
				68D0AC0813DFC5B100CDDC7A /* volume_low@2x.png */,
				68D0AC0613DFC59F00CDDC7A /* volume_high@2x.png */,
				68D0ABF113DFB11700CDDC7A /* header.png */,
				68D0ABF213DFB11700CDDC7A /* header@2x.png */,
				68D0ABED13DFB10A00CDDC7A /* button.png */,
				68D0ABEE13DFB10A00CDDC7A /* button@2x.png */,
				6C59F25213D92E190013CD96 /* info.png */,
				6C59F25313D92E190013CD96 /* info@2x.png */,
				6C59F22813D92BE90013CD96 /* Default.png */,
				6C59F22913D92BE90013CD96 /* Default@2x.png */,
				6C59F22A13D92BE90013CD96 /* disk.png */,
				6C59F22B13D92BE90013CD96 /* disk@2x.png */,
				6C59F22C13D92BE90013CD96 /* about.png */,
				6C59F22D13D92BE90013CD96 /* about@2x.png */,
				6C59F22E13D92BE90013CD96 /* popup.png */,
				6C59F22F13D92BE90013CD96 /* popup@2x.png */,
				6C59F23013D92BE90013CD96 /* set.png */,
				6C59F23113D92BE90013CD96 /* set@2x.png */,
				6C59F23213D92BE90013CD96 /* volume_high.png */,
				6C59F23313D92BE90013CD96 /* volume_low.png */,
			);
			path = assets;
			sourceTree = "<group>";
		};
		6CAAD73413BC34D60045A93D /* Base */ = {
			isa = PBXGroup;
			children = (
				6CAAD7F813BC3B6F0045A93D /* BaseAppContext.h */,
				6CAAD7F913BC3B6F0045A93D /* BaseAppContext.m */,
				6CAAD7FB13BC3B890045A93D /* AppContext.h */,
				6CAAD7FC13BC3B890045A93D /* AppContext.m */,
				6CAAD7C213BC389C0045A93D /* UILabel+SizingExtensions.h */,
				6CAAD7C313BC389C0045A93D /* UILabel+SizingExtensions.m */,
				6CAAD74713BC36670045A93D /* GrayLabel.h */,
				6CAAD74813BC36670045A93D /* GrayLabel.m */,
				6CAAD74113BC352F0045A93D /* NormalButton.h */,
				6CAAD74213BC352F0045A93D /* NormalButton.m */,
				6CAAD73E13BC351F0045A93D /* UIColor+i7HexColor.h */,
				6CAAD73F13BC351F0045A93D /* UIColor+i7HexColor.m */,
				6CAAD73B13BC35040045A93D /* AppStyle.h */,
				6CAAD73C13BC35040045A93D /* AppStyle.m */,
				6CAAD73513BC34F60045A93D /* SFHFKeychainUtils.m */,
				6CAAD73613BC34F60045A93D /* SFHFKeychainUtils.h */,
				6CAAD73713BC34F60045A93D /* AppSettings.m */,
				6CAAD73813BC34F60045A93D /* AppSettings.h */,
			);
			name = Base;
			sourceTree = "<group>";
		};
		6CFC2A8313DE660300A26034 /* AFOpenFlow */ = {
			isa = PBXGroup;
			children = (
				6CFC2A8013DE65FD00A26034 /* AFGetImageOperation.h */,
				6CFC2A8113DE65FD00A26034 /* AFGetImageOperation.m */,
				6CFC2A7613DE65DE00A26034 /* UIImageExtras.h */,
				6CFC2A7713DE65DE00A26034 /* UIImageExtras.m */,
				6CFC2A8413DE660300A26034 /* AFOpenFlowConstants.h */,
				6CFC2A8513DE660300A26034 /* AFCoverView.h */,
				6CFC2A8613DE660300A26034 /* AFCoverView.m */,
				6CFC2A8713DE660300A26034 /* AFOpenFlowView.h */,
				6CFC2A8813DE660300A26034 /* AFOpenFlowView.m */,
				6CFC2A8913DE660300A26034 /* AFUIImageReflection.h */,
				6CFC2A8A13DE660300A26034 /* AFUIImageReflection.m */,
			);
			name = AFOpenFlow;
			sourceTree = "<group>";
		};
		6CFC2C3F13DE808E00A26034 /* Timer */ = {
			isa = PBXGroup;
			children = (
				6CFC2C4013DE80B100A26034 /* TimerViewController.h */,
				6CFC2C4113DE80B100A26034 /* TimerViewController.m */,
				6CFC2C4213DE80B100A26034 /* TimerViewController.xib */,
			);
			name = Timer;
			sourceTree = "<group>";
		};
/* End PBXGroup section */

/* Begin PBXNativeTarget section */
		1D6058900D05DD3D006BFB54 /* MeditationTimer */ = {
			isa = PBXNativeTarget;
			buildConfigurationList = 1D6058960D05DD3E006BFB54 /* Build configuration list for PBXNativeTarget "MeditationTimer" */;
			buildPhases = (
				1D60588D0D05DD3D006BFB54 /* Resources */,
				1D60588E0D05DD3D006BFB54 /* Sources */,
				1D60588F0D05DD3D006BFB54 /* Frameworks */,
			);
			buildRules = (
			);
			dependencies = (
			);
			name = MeditationTimer;
			productName = MeditationTimer;
			productReference = 1D6058910D05DD3D006BFB54 /* MeditationTimer.app */;
			productType = "com.apple.product-type.application";
		};
/* End PBXNativeTarget section */

/* Begin PBXProject section */
		29B97313FDCFA39411CA2CEA /* Project object */ = {
			isa = PBXProject;
			buildConfigurationList = C01FCF4E08A954540054247B /* Build configuration list for PBXProject "MeditationTimer" */;
			compatibilityVersion = "Xcode 3.2";
			developmentRegion = English;
			hasScannedForEncodings = 1;
			knownRegions = (
				English,
				Japanese,
				French,
				German,
				en,
			);
			mainGroup = 29B97314FDCFA39411CA2CEA /* CustomTemplate */;
			projectDirPath = "";
			projectRoot = "";
			targets = (
				1D6058900D05DD3D006BFB54 /* MeditationTimer */,
			);
		};
/* End PBXProject section */

/* Begin PBXResourcesBuildPhase section */
		1D60588D0D05DD3D006BFB54 /* Resources */ = {
			isa = PBXResourcesBuildPhase;
			buildActionMask = 2147483647;
			files = (
				280E754D0DD40C5E005A515E /* FlipsideView.xib in Resources */,
				280E754E0DD40C5E005A515E /* MainView.xib in Resources */,
				280E754F0DD40C5E005A515E /* MainWindow.xib in Resources */,
				6CAAD77D13BC377F0045A93D /* TimerControlViewController.xib in Resources */,
				6C1BAF0513C56B540057318B /* AboutViewController.xib in Resources */,
				6C59F23413D92BE90013CD96 /* Default.png in Resources */,
				6C59F23513D92BE90013CD96 /* Default@2x.png in Resources */,
				6C59F23613D92BE90013CD96 /* disk.png in Resources */,
				6C59F23713D92BE90013CD96 /* disk@2x.png in Resources */,
				6C59F23813D92BE90013CD96 /* about.png in Resources */,
				6C59F23913D92BE90013CD96 /* about@2x.png in Resources */,
				6C59F23A13D92BE90013CD96 /* popup.png in Resources */,
				6C59F23B13D92BE90013CD96 /* popup@2x.png in Resources */,
				6C59F23C13D92BE90013CD96 /* set.png in Resources */,
				6C59F23D13D92BE90013CD96 /* set@2x.png in Resources */,
				6C59F23E13D92BE90013CD96 /* volume_high.png in Resources */,
				6C59F23F13D92BE90013CD96 /* volume_low.png in Resources */,
				6C59F24F13D92DAD0013CD96 /* InfoViewController.xib in Resources */,
				6C59F25413D92E190013CD96 /* info.png in Resources */,
				6C59F25513D92E190013CD96 /* info@2x.png in Resources */,
				6CFC2B9D13DE764F00A26034 /* images in Resources */,
				6CFC2BA813DE765800A26034 /* icons in Resources */,
				6CFC2C4413DE80B100A26034 /* TimerViewController.xib in Resources */,
				68D0ABEF13DFB10A00CDDC7A /* button.png in Resources */,
				68D0ABF013DFB10A00CDDC7A /* button@2x.png in Resources */,
				68D0ABF313DFB11700CDDC7A /* header.png in Resources */,
				68D0ABF413DFB11700CDDC7A /* header@2x.png in Resources */,
				68D0AC0713DFC59F00CDDC7A /* volume_high@2x.png in Resources */,
				68D0AC0913DFC5B100CDDC7A /* volume_low@2x.png in Resources */,
				68F7684613E0EF8600B9E5DD /* options.png in Resources */,
				68F7684713E0EF8600B9E5DD /* options@2x.png in Resources */,
				68F768D613E33E0200B9E5DD /* aboutback.png in Resources */,
				68F768D713E33E0200B9E5DD /* aboutback@2x.png in Resources */,
				68F7698F13EA429800B9E5DD /* icon_store.png in Resources */,
				68F7699013EA429800B9E5DD /* icon.png in Resources */,
				68F7699113EA429800B9E5DD /* icon@2x.png in Resources */,
				68DD841713FB94AA00AA564C /* LowGong.wav in Resources */,
				68DD841813FB94AA00AA564C /* Match.wav in Resources */,
				68DD841A13FB94BA00AA564C /* HighGong.WAV in Resources */,
				68DD841C13FB94CA00AA564C /* Block.wav in Resources */,
			);
			runOnlyForDeploymentPostprocessing = 0;
		};
/* End PBXResourcesBuildPhase section */

/* Begin PBXSourcesBuildPhase section */
		1D60588E0D05DD3D006BFB54 /* Sources */ = {
			isa = PBXSourcesBuildPhase;
			buildActionMask = 2147483647;
			files = (
				1D60589B0D05DD56006BFB54 /* main.m in Sources */,
				1D3623260D0F684500981E51 /* MeditationTimerAppDelegate.m in Sources */,
				289233AE0DB2D0DB0083E9F9 /* MainViewController.m in Sources */,
				289233B00DB2D0DB0083E9F9 /* FlipsideViewController.m in Sources */,
				6CAAD73913BC34F60045A93D /* SFHFKeychainUtils.m in Sources */,
				6CAAD73A13BC34F60045A93D /* AppSettings.m in Sources */,
				6CAAD73D13BC35040045A93D /* AppStyle.m in Sources */,
				6CAAD74013BC351F0045A93D /* UIColor+i7HexColor.m in Sources */,
				6CAAD74313BC352F0045A93D /* NormalButton.m in Sources */,
				6CAAD74913BC36670045A93D /* GrayLabel.m in Sources */,
				6CAAD77C13BC377F0045A93D /* TimerControlViewController.m in Sources */,
				6CAAD7C413BC389C0045A93D /* UILabel+SizingExtensions.m in Sources */,
				6CAAD7FA13BC3B6F0045A93D /* BaseAppContext.m in Sources */,
				6CAAD7FD13BC3B890045A93D /* AppContext.m in Sources */,
				6C1BAF0413C56B540057318B /* AboutViewController.m in Sources */,
				6C59F24E13D92DAD0013CD96 /* InfoViewController.m in Sources */,
				6CFC2A7813DE65DE00A26034 /* UIImageExtras.m in Sources */,
				6CFC2A8213DE65FD00A26034 /* AFGetImageOperation.m in Sources */,
				6CFC2A8B13DE660300A26034 /* AFCoverView.m in Sources */,
				6CFC2A8C13DE660300A26034 /* AFOpenFlowView.m in Sources */,
				6CFC2A8D13DE660300A26034 /* AFUIImageReflection.m in Sources */,
				6CFC2C4313DE80B100A26034 /* TimerViewController.m in Sources */,
			);
			runOnlyForDeploymentPostprocessing = 0;
		};
/* End PBXSourcesBuildPhase section */

/* Begin XCBuildConfiguration section */
		1D6058940D05DD3E006BFB54 /* Debug */ = {
			isa = XCBuildConfiguration;
			buildSettings = {
				ALWAYS_SEARCH_USER_PATHS = NO;
				"CODE_SIGN_IDENTITY[sdk=iphoneos*]" = "iPhone Developer: Alyssa Reese (69DFVJY62E)";
				COPY_PHASE_STRIP = NO;
				FRAMEWORK_SEARCH_PATHS = "$(inherited)";
				GCC_DYNAMIC_NO_PIC = NO;
				GCC_OPTIMIZATION_LEVEL = 0;
				GCC_PRECOMPILE_PREFIX_HEADER = YES;
				GCC_PREFIX_HEADER = MeditationTimer_Prefix.pch;
				INFOPLIST_FILE = "MeditationTimer-Info.plist";
				PRODUCT_NAME = MeditationTimer;
				"PROVISIONING_PROFILE[sdk=iphoneos*]" = "20E6E0AA-181C-4544-91DB-5108CD0B879E";
			};
			name = Debug;
		};
		1D6058950D05DD3E006BFB54 /* Release */ = {
			isa = XCBuildConfiguration;
			buildSettings = {
				ALWAYS_SEARCH_USER_PATHS = NO;
				"CODE_SIGN_IDENTITY[sdk=iphoneos*]" = "iPhone Developer: Alyssa Reese (69DFVJY62E)";
				COPY_PHASE_STRIP = YES;
				FRAMEWORK_SEARCH_PATHS = (
					"$(inherited)",
					/Developer30/Platforms/iPhoneOS.platform/Developer/SDKs/iPhoneOS3.0.sdk/System/Library/Frameworks,
				);
				GCC_PRECOMPILE_PREFIX_HEADER = YES;
				GCC_PREFIX_HEADER = MeditationTimer_Prefix.pch;
				INFOPLIST_FILE = "MeditationTimer-Info.plist";
				PRODUCT_NAME = MeditationTimer;
				"PROVISIONING_PROFILE[sdk=iphoneos*]" = "20E6E0AA-181C-4544-91DB-5108CD0B879E";
				VALIDATE_PRODUCT = YES;
			};
			name = Release;
		};
		C01FCF4F08A954540054247B /* Debug */ = {
			isa = XCBuildConfiguration;
			buildSettings = {
				ARCHS = "$(ARCHS_STANDARD_32_BIT)";
				"CODE_SIGN_IDENTITY[sdk=iphoneos*]" = "iPhone Developer";
				GCC_C_LANGUAGE_STANDARD = c99;
				GCC_WARN_ABOUT_RETURN_TYPE = YES;
				GCC_WARN_UNUSED_VARIABLE = YES;
				PREBINDING = NO;
				SDKROOT = iphoneos;
			};
			name = Debug;
		};
		C01FCF5008A954540054247B /* Release */ = {
			isa = XCBuildConfiguration;
			buildSettings = {
				ARCHS = "$(ARCHS_STANDARD_32_BIT)";
				"CODE_SIGN_IDENTITY[sdk=iphoneos*]" = "iPhone Developer";
				GCC_C_LANGUAGE_STANDARD = c99;
				GCC_WARN_ABOUT_RETURN_TYPE = YES;
				GCC_WARN_UNUSED_VARIABLE = YES;
				OTHER_CFLAGS = "-DNS_BLOCK_ASSERTIONS=1";
				PREBINDING = NO;
				SDKROOT = iphoneos;
			};
			name = Release;
		};
/* End XCBuildConfiguration section */

/* Begin XCConfigurationList section */
		1D6058960D05DD3E006BFB54 /* Build configuration list for PBXNativeTarget "MeditationTimer" */ = {
			isa = XCConfigurationList;
			buildConfigurations = (
				1D6058940D05DD3E006BFB54 /* Debug */,
				1D6058950D05DD3E006BFB54 /* Release */,
			);
			defaultConfigurationIsVisible = 0;
			defaultConfigurationName = Release;
		};
		C01FCF4E08A954540054247B /* Build configuration list for PBXProject "MeditationTimer" */ = {
			isa = XCConfigurationList;
			buildConfigurations = (
				C01FCF4F08A954540054247B /* Debug */,
				C01FCF5008A954540054247B /* Release */,
			);
			defaultConfigurationIsVisible = 0;
			defaultConfigurationName = Release;
		};
/* End XCConfigurationList section */
	};
	rootObject = 29B97313FDCFA39411CA2CEA /* Project object */;
}
